// !$*UTF8*$!
{
	archiveVersion = 1;
	classes = {
	};
	objectVersion = 56;
	objects = {

/* Begin PBXBuildFile section */
		181C1E022BFB8DD500B6FD55 /* Colors.xcassets in Resources */ = {isa = PBXBuildFile; fileRef = 181C1E012BFB8DD500B6FD55 /* Colors.xcassets */; };
		181C1E042BFB8DE900B6FD55 /* Images.xcassets in Resources */ = {isa = PBXBuildFile; fileRef = 181C1E032BFB8DE900B6FD55 /* Images.xcassets */; };
		18BCC1012BBEA03F00398932 /* AuthButton.swift in Sources */ = {isa = PBXBuildFile; fileRef = 18BCC1002BBEA03F00398932 /* AuthButton.swift */; };
		18BCC10B2BBEA0C900398932 /* OnboardingView.swift in Sources */ = {isa = PBXBuildFile; fileRef = 18BCC10A2BBEA0C900398932 /* OnboardingView.swift */; };
		18BCC10D2BBEA0CF00398932 /* RegisterView.swift in Sources */ = {isa = PBXBuildFile; fileRef = 18BCC10C2BBEA0CF00398932 /* RegisterView.swift */; };
		18BCC10F2BBEA0D500398932 /* LoginView.swift in Sources */ = {isa = PBXBuildFile; fileRef = 18BCC10E2BBEA0D500398932 /* LoginView.swift */; };
		18BCC1112BBEA0DA00398932 /* HomeView.swift in Sources */ = {isa = PBXBuildFile; fileRef = 18BCC1102BBEA0DA00398932 /* HomeView.swift */; };
		18BCC1132BBEA0DF00398932 /* RootView.swift in Sources */ = {isa = PBXBuildFile; fileRef = 18BCC1122BBEA0DF00398932 /* RootView.swift */; };
		18BCC1152BBEA0E800398932 /* TriangleFinderView.swift in Sources */ = {isa = PBXBuildFile; fileRef = 18BCC1142BBEA0E800398932 /* TriangleFinderView.swift */; };
		18BCC1172BBEA0EF00398932 /* SettingsView.swift in Sources */ = {isa = PBXBuildFile; fileRef = 18BCC1162BBEA0EF00398932 /* SettingsView.swift */; };
		18BCC1192BBEA10A00398932 /* OnboardingViewModel.swift in Sources */ = {isa = PBXBuildFile; fileRef = 18BCC1182BBEA10A00398932 /* OnboardingViewModel.swift */; };
		18BCC11B2BBEA11700398932 /* RegisterViewModel.swift in Sources */ = {isa = PBXBuildFile; fileRef = 18BCC11A2BBEA11700398932 /* RegisterViewModel.swift */; };
		18BCC11D2BBEA11F00398932 /* LoginViewModel.swift in Sources */ = {isa = PBXBuildFile; fileRef = 18BCC11C2BBEA11F00398932 /* LoginViewModel.swift */; };
		18C0C2552BFB931E00D1393C /* OnboardingModel.swift in Sources */ = {isa = PBXBuildFile; fileRef = 18C0C2542BFB931E00D1393C /* OnboardingModel.swift */; };
		AA5B23BA2BBE9E98007F708F /* HayattaKalApp.swift in Sources */ = {isa = PBXBuildFile; fileRef = AA5B23B92BBE9E98007F708F /* HayattaKalApp.swift */; };
		AA5B23BE2BBE9E99007F708F /* Assets.xcassets in Resources */ = {isa = PBXBuildFile; fileRef = AA5B23BD2BBE9E99007F708F /* Assets.xcassets */; };
		AA5B23C12BBE9E99007F708F /* Preview Assets.xcassets in Resources */ = {isa = PBXBuildFile; fileRef = AA5B23C02BBE9E99007F708F /* Preview Assets.xcassets */; };
/* End PBXBuildFile section */

/* Begin PBXFileReference section */
		181C1E012BFB8DD500B6FD55 /* Colors.xcassets */ = {isa = PBXFileReference; lastKnownFileType = folder.assetcatalog; path = Colors.xcassets; sourceTree = "<group>"; };
		181C1E032BFB8DE900B6FD55 /* Images.xcassets */ = {isa = PBXFileReference; lastKnownFileType = folder.assetcatalog; path = Images.xcassets; sourceTree = "<group>"; };
		18BCC1002BBEA03F00398932 /* AuthButton.swift */ = {isa = PBXFileReference; lastKnownFileType = sourcecode.swift; path = AuthButton.swift; sourceTree = "<group>"; };
		18BCC10A2BBEA0C900398932 /* OnboardingView.swift */ = {isa = PBXFileReference; lastKnownFileType = sourcecode.swift; path = OnboardingView.swift; sourceTree = "<group>"; };
		18BCC10C2BBEA0CF00398932 /* RegisterView.swift */ = {isa = PBXFileReference; lastKnownFileType = sourcecode.swift; path = RegisterView.swift; sourceTree = "<group>"; };
		18BCC10E2BBEA0D500398932 /* LoginView.swift */ = {isa = PBXFileReference; lastKnownFileType = sourcecode.swift; path = LoginView.swift; sourceTree = "<group>"; };
		18BCC1102BBEA0DA00398932 /* HomeView.swift */ = {isa = PBXFileReference; lastKnownFileType = sourcecode.swift; path = HomeView.swift; sourceTree = "<group>"; };
		18BCC1122BBEA0DF00398932 /* RootView.swift */ = {isa = PBXFileReference; lastKnownFileType = sourcecode.swift; path = RootView.swift; sourceTree = "<group>"; };
		18BCC1142BBEA0E800398932 /* TriangleFinderView.swift */ = {isa = PBXFileReference; lastKnownFileType = sourcecode.swift; path = TriangleFinderView.swift; sourceTree = "<group>"; };
		18BCC1162BBEA0EF00398932 /* SettingsView.swift */ = {isa = PBXFileReference; lastKnownFileType = sourcecode.swift; path = SettingsView.swift; sourceTree = "<group>"; };
		18BCC1182BBEA10A00398932 /* OnboardingViewModel.swift */ = {isa = PBXFileReference; lastKnownFileType = sourcecode.swift; path = OnboardingViewModel.swift; sourceTree = "<group>"; };
		18BCC11A2BBEA11700398932 /* RegisterViewModel.swift */ = {isa = PBXFileReference; lastKnownFileType = sourcecode.swift; path = RegisterViewModel.swift; sourceTree = "<group>"; };
		18BCC11C2BBEA11F00398932 /* LoginViewModel.swift */ = {isa = PBXFileReference; lastKnownFileType = sourcecode.swift; path = LoginViewModel.swift; sourceTree = "<group>"; };
		18C0C2542BFB931E00D1393C /* OnboardingModel.swift */ = {isa = PBXFileReference; lastKnownFileType = sourcecode.swift; path = OnboardingModel.swift; sourceTree = "<group>"; };
		AA5B23B62BBE9E98007F708F /* HayattaKal.app */ = {isa = PBXFileReference; explicitFileType = wrapper.application; includeInIndex = 0; path = HayattaKal.app; sourceTree = BUILT_PRODUCTS_DIR; };
		AA5B23B92BBE9E98007F708F /* HayattaKalApp.swift */ = {isa = PBXFileReference; lastKnownFileType = sourcecode.swift; path = HayattaKalApp.swift; sourceTree = "<group>"; };
		AA5B23BD2BBE9E99007F708F /* Assets.xcassets */ = {isa = PBXFileReference; lastKnownFileType = folder.assetcatalog; path = Assets.xcassets; sourceTree = "<group>"; };
		AA5B23C02BBE9E99007F708F /* Preview Assets.xcassets */ = {isa = PBXFileReference; lastKnownFileType = folder.assetcatalog; path = "Preview Assets.xcassets"; sourceTree = "<group>"; };
/* End PBXFileReference section */

/* Begin PBXFrameworksBuildPhase section */
		AA5B23B32BBE9E98007F708F /* Frameworks */ = {
			isa = PBXFrameworksBuildPhase;
			buildActionMask = 2147483647;
			files = (
			);
			runOnlyForDeploymentPostprocessing = 0;
		};
/* End PBXFrameworksBuildPhase section */

/* Begin PBXGroup section */
		18BCC0FB2BBEA00300398932 /* App */ = {
			isa = PBXGroup;
			children = (
				AA5B23B92BBE9E98007F708F /* HayattaKalApp.swift */,
			);
			path = App;
			sourceTree = "<group>";
		};
		18BCC0FC2BBEA00600398932 /* Resources */ = {
			isa = PBXGroup;
			children = (
				AA5B23BD2BBE9E99007F708F /* Assets.xcassets */,
				181C1E012BFB8DD500B6FD55 /* Colors.xcassets */,
				181C1E032BFB8DE900B6FD55 /* Images.xcassets */,
			);
			path = Resources;
			sourceTree = "<group>";
		};
		18BCC0FD2BBEA00D00398932 /* Product */ = {
			isa = PBXGroup;
			children = (
				18BCC0FF2BBEA02400398932 /* Components */,
			);
			path = Product;
			sourceTree = "<group>";
		};
		18BCC0FE2BBEA01400398932 /* Features */ = {
			isa = PBXGroup;
			children = (
				18BCC1022BBEA04900398932 /* Authentication */,
				18BCC1062BBEA06D00398932 /* Root */,
				18BCC1072BBEA08600398932 /* Home */,
				18BCC1082BBEA0A100398932 /* TriangleFinder */,
				18BCC1092BBEA0AD00398932 /* Settings */,
			);
			path = Features;
			sourceTree = "<group>";
		};
		18BCC0FF2BBEA02400398932 /* Components */ = {
			isa = PBXGroup;
			children = (
				18BCC1002BBEA03F00398932 /* AuthButton.swift */,
			);
			path = Components;
			sourceTree = "<group>";
		};
		18BCC1022BBEA04900398932 /* Authentication */ = {
			isa = PBXGroup;
			children = (
				18BCC1052BBEA06100398932 /* Onboarding */,
				18BCC1042BBEA05D00398932 /* Register */,
				18BCC1032BBEA05700398932 /* Login */,
			);
			path = Authentication;
			sourceTree = "<group>";
		};
		18BCC1032BBEA05700398932 /* Login */ = {
			isa = PBXGroup;
			children = (
				18BCC10E2BBEA0D500398932 /* LoginView.swift */,
				18BCC11C2BBEA11F00398932 /* LoginViewModel.swift */,
			);
			path = Login;
			sourceTree = "<group>";
		};
		18BCC1042BBEA05D00398932 /* Register */ = {
			isa = PBXGroup;
			children = (
				18BCC10C2BBEA0CF00398932 /* RegisterView.swift */,
				18BCC11A2BBEA11700398932 /* RegisterViewModel.swift */,
			);
			path = Register;
			sourceTree = "<group>";
		};
		18BCC1052BBEA06100398932 /* Onboarding */ = {
			isa = PBXGroup;
			children = (
				18BCC10A2BBEA0C900398932 /* OnboardingView.swift */,
				18C0C2542BFB931E00D1393C /* OnboardingModel.swift */,
				18BCC1182BBEA10A00398932 /* OnboardingViewModel.swift */,
			);
			path = Onboarding;
			sourceTree = "<group>";
		};
		18BCC1062BBEA06D00398932 /* Root */ = {
			isa = PBXGroup;
			children = (
				18BCC1122BBEA0DF00398932 /* RootView.swift */,
			);
			path = Root;
			sourceTree = "<group>";
		};
		18BCC1072BBEA08600398932 /* Home */ = {
			isa = PBXGroup;
			children = (
				18BCC1102BBEA0DA00398932 /* HomeView.swift */,
			);
			path = Home;
			sourceTree = "<group>";
		};
		18BCC1082BBEA0A100398932 /* TriangleFinder */ = {
			isa = PBXGroup;
			children = (
				18BCC1142BBEA0E800398932 /* TriangleFinderView.swift */,
			);
			path = TriangleFinder;
			sourceTree = "<group>";
		};
		18BCC1092BBEA0AD00398932 /* Settings */ = {
			isa = PBXGroup;
			children = (
				18BCC1162BBEA0EF00398932 /* SettingsView.swift */,
			);
			path = Settings;
			sourceTree = "<group>";
		};
		AA5B23AD2BBE9E98007F708F = {
			isa = PBXGroup;
			children = (
				AA5B23B82BBE9E98007F708F /* HayattaKal */,
				AA5B23B72BBE9E98007F708F /* Products */,
			);
			sourceTree = "<group>";
		};
		AA5B23B72BBE9E98007F708F /* Products */ = {
			isa = PBXGroup;
			children = (
				AA5B23B62BBE9E98007F708F /* HayattaKal.app */,
			);
			name = Products;
			sourceTree = "<group>";
		};
		AA5B23B82BBE9E98007F708F /* HayattaKal */ = {
			isa = PBXGroup;
			children = (
				18BCC0FB2BBEA00300398932 /* App */,
				18BCC0FE2BBEA01400398932 /* Features */,
				18BCC0FD2BBEA00D00398932 /* Product */,
				18BCC0FC2BBEA00600398932 /* Resources */,
				AA5B23BF2BBE9E99007F708F /* Preview Content */,
			);
			path = HayattaKal;
			sourceTree = "<group>";
		};
		AA5B23BF2BBE9E99007F708F /* Preview Content */ = {
			isa = PBXGroup;
			children = (
				AA5B23C02BBE9E99007F708F /* Preview Assets.xcassets */,
			);
			path = "Preview Content";
			sourceTree = "<group>";
		};
/* End PBXGroup section */

/* Begin PBXNativeTarget section */
		AA5B23B52BBE9E98007F708F /* HayattaKal */ = {
			isa = PBXNativeTarget;
			buildConfigurationList = AA5B23C42BBE9E99007F708F /* Build configuration list for PBXNativeTarget "HayattaKal" */;
			buildPhases = (
				AA5B23B22BBE9E98007F708F /* Sources */,
				AA5B23B32BBE9E98007F708F /* Frameworks */,
				AA5B23B42BBE9E98007F708F /* Resources */,
			);
			buildRules = (
			);
			dependencies = (
			);
			name = HayattaKal;
			productName = HayattaKal;
			productReference = AA5B23B62BBE9E98007F708F /* HayattaKal.app */;
			productType = "com.apple.product-type.application";
		};
/* End PBXNativeTarget section */

/* Begin PBXProject section */
		AA5B23AE2BBE9E98007F708F /* Project object */ = {
			isa = PBXProject;
			attributes = {
				BuildIndependentTargetsInParallel = 1;
				LastSwiftUpdateCheck = 1530;
				LastUpgradeCheck = 1530;
				TargetAttributes = {
					AA5B23B52BBE9E98007F708F = {
						CreatedOnToolsVersion = 15.3;
					};
				};
			};
			buildConfigurationList = AA5B23B12BBE9E98007F708F /* Build configuration list for PBXProject "HayattaKal" */;
			compatibilityVersion = "Xcode 14.0";
			developmentRegion = en;
			hasScannedForEncodings = 0;
			knownRegions = (
				en,
				Base,
			);
			mainGroup = AA5B23AD2BBE9E98007F708F;
			productRefGroup = AA5B23B72BBE9E98007F708F /* Products */;
			projectDirPath = "";
			projectRoot = "";
			targets = (
				AA5B23B52BBE9E98007F708F /* HayattaKal */,
			);
		};
/* End PBXProject section */

/* Begin PBXResourcesBuildPhase section */
		AA5B23B42BBE9E98007F708F /* Resources */ = {
			isa = PBXResourcesBuildPhase;
			buildActionMask = 2147483647;
			files = (
				181C1E022BFB8DD500B6FD55 /* Colors.xcassets in Resources */,
				181C1E042BFB8DE900B6FD55 /* Images.xcassets in Resources */,
				AA5B23C12BBE9E99007F708F /* Preview Assets.xcassets in Resources */,
				AA5B23BE2BBE9E99007F708F /* Assets.xcassets in Resources */,
			);
			runOnlyForDeploymentPostprocessing = 0;
		};
/* End PBXResourcesBuildPhase section */

/* Begin PBXSourcesBuildPhase section */
		AA5B23B22BBE9E98007F708F /* Sources */ = {
			isa = PBXSourcesBuildPhase;
			buildActionMask = 2147483647;
			files = (
				18BCC10B2BBEA0C900398932 /* OnboardingView.swift in Sources */,
				18BCC10D2BBEA0CF00398932 /* RegisterView.swift in Sources */,
				18BCC1012BBEA03F00398932 /* AuthButton.swift in Sources */,
				18BCC1172BBEA0EF00398932 /* SettingsView.swift in Sources */,
				18BCC11B2BBEA11700398932 /* RegisterViewModel.swift in Sources */,
				18BCC1112BBEA0DA00398932 /* HomeView.swift in Sources */,
				18BCC1192BBEA10A00398932 /* OnboardingViewModel.swift in Sources */,
				18BCC1152BBEA0E800398932 /* TriangleFinderView.swift in Sources */,
				18BCC11D2BBEA11F00398932 /* LoginViewModel.swift in Sources */,
				18BCC1132BBEA0DF00398932 /* RootView.swift in Sources */,
				18BCC10F2BBEA0D500398932 /* LoginView.swift in Sources */,
				18C0C2552BFB931E00D1393C /* OnboardingModel.swift in Sources */,
				AA5B23BA2BBE9E98007F708F /* HayattaKalApp.swift in Sources */,
			);
			runOnlyForDeploymentPostprocessing = 0;
		};
/* End PBXSourcesBuildPhase section */

/* Begin XCBuildConfiguration section */
		AA5B23C22BBE9E99007F708F /* Debug */ = {
			isa = XCBuildConfiguration;
			buildSettings = {
				ALWAYS_SEARCH_USER_PATHS = NO;
				ASSETCATALOG_COMPILER_GENERATE_SWIFT_ASSET_SYMBOL_EXTENSIONS = YES;
				CLANG_ANALYZER_NONNULL = YES;
				CLANG_ANALYZER_NUMBER_OBJECT_CONVERSION = YES_AGGRESSIVE;
				CLANG_CXX_LANGUAGE_STANDARD = "gnu++20";
				CLANG_ENABLE_MODULES = YES;
				CLANG_ENABLE_OBJC_ARC = YES;
				CLANG_ENABLE_OBJC_WEAK = YES;
				CLANG_WARN_BLOCK_CAPTURE_AUTORELEASING = YES;
				CLANG_WARN_BOOL_CONVERSION = YES;
				CLANG_WARN_COMMA = YES;
				CLANG_WARN_CONSTANT_CONVERSION = YES;
				CLANG_WARN_DEPRECATED_OBJC_IMPLEMENTATIONS = YES;
				CLANG_WARN_DIRECT_OBJC_ISA_USAGE = YES_ERROR;
				CLANG_WARN_DOCUMENTATION_COMMENTS = YES;
				CLANG_WARN_EMPTY_BODY = YES;
				CLANG_WARN_ENUM_CONVERSION = YES;
				CLANG_WARN_INFINITE_RECURSION = YES;
				CLANG_WARN_INT_CONVERSION = YES;
				CLANG_WARN_NON_LITERAL_NULL_CONVERSION = YES;
				CLANG_WARN_OBJC_IMPLICIT_RETAIN_SELF = YES;
				CLANG_WARN_OBJC_LITERAL_CONVERSION = YES;
				CLANG_WARN_OBJC_ROOT_CLASS = YES_ERROR;
				CLANG_WARN_QUOTED_INCLUDE_IN_FRAMEWORK_HEADER = YES;
				CLANG_WARN_RANGE_LOOP_ANALYSIS = YES;
				CLANG_WARN_STRICT_PROTOTYPES = YES;
				CLANG_WARN_SUSPICIOUS_MOVE = YES;
				CLANG_WARN_UNGUARDED_AVAILABILITY = YES_AGGRESSIVE;
				CLANG_WARN_UNREACHABLE_CODE = YES;
				CLANG_WARN__DUPLICATE_METHOD_MATCH = YES;
				COPY_PHASE_STRIP = NO;
				DEBUG_INFORMATION_FORMAT = dwarf;
				ENABLE_STRICT_OBJC_MSGSEND = YES;
				ENABLE_TESTABILITY = YES;
				ENABLE_USER_SCRIPT_SANDBOXING = YES;
				GCC_C_LANGUAGE_STANDARD = gnu17;
				GCC_DYNAMIC_NO_PIC = NO;
				GCC_NO_COMMON_BLOCKS = YES;
				GCC_OPTIMIZATION_LEVEL = 0;
				GCC_PREPROCESSOR_DEFINITIONS = (
					"DEBUG=1",
					"$(inherited)",
				);
				GCC_WARN_64_TO_32_BIT_CONVERSION = YES;
				GCC_WARN_ABOUT_RETURN_TYPE = YES_ERROR;
				GCC_WARN_UNDECLARED_SELECTOR = YES;
				GCC_WARN_UNINITIALIZED_AUTOS = YES_AGGRESSIVE;
				GCC_WARN_UNUSED_FUNCTION = YES;
				GCC_WARN_UNUSED_VARIABLE = YES;
				IPHONEOS_DEPLOYMENT_TARGET = 17.4;
				LOCALIZATION_PREFERS_STRING_CATALOGS = YES;
				MTL_ENABLE_DEBUG_INFO = INCLUDE_SOURCE;
				MTL_FAST_MATH = YES;
				ONLY_ACTIVE_ARCH = YES;
				SDKROOT = iphoneos;
				SWIFT_ACTIVE_COMPILATION_CONDITIONS = "DEBUG $(inherited)";
				SWIFT_OPTIMIZATION_LEVEL = "-Onone";
			};
			name = Debug;
		};
		AA5B23C32BBE9E99007F708F /* Release */ = {
			isa = XCBuildConfiguration;
			buildSettings = {
				ALWAYS_SEARCH_USER_PATHS = NO;
				ASSETCATALOG_COMPILER_GENERATE_SWIFT_ASSET_SYMBOL_EXTENSIONS = YES;
				CLANG_ANALYZER_NONNULL = YES;
				CLANG_ANALYZER_NUMBER_OBJECT_CONVERSION = YES_AGGRESSIVE;
				CLANG_CXX_LANGUAGE_STANDARD = "gnu++20";
				CLANG_ENABLE_MODULES = YES;
				CLANG_ENABLE_OBJC_ARC = YES;
				CLANG_ENABLE_OBJC_WEAK = YES;
				CLANG_WARN_BLOCK_CAPTURE_AUTORELEASING = YES;
				CLANG_WARN_BOOL_CONVERSION = YES;
				CLANG_WARN_COMMA = YES;
				CLANG_WARN_CONSTANT_CONVERSION = YES;
				CLANG_WARN_DEPRECATED_OBJC_IMPLEMENTATIONS = YES;
				CLANG_WARN_DIRECT_OBJC_ISA_USAGE = YES_ERROR;
				CLANG_WARN_DOCUMENTATION_COMMENTS = YES;
				CLANG_WARN_EMPTY_BODY = YES;
				CLANG_WARN_ENUM_CONVERSION = YES;
				CLANG_WARN_INFINITE_RECURSION = YES;
				CLANG_WARN_INT_CONVERSION = YES;
				CLANG_WARN_NON_LITERAL_NULL_CONVERSION = YES;
				CLANG_WARN_OBJC_IMPLICIT_RETAIN_SELF = YES;
				CLANG_WARN_OBJC_LITERAL_CONVERSION = YES;
				CLANG_WARN_OBJC_ROOT_CLASS = YES_ERROR;
				CLANG_WARN_QUOTED_INCLUDE_IN_FRAMEWORK_HEADER = YES;
				CLANG_WARN_RANGE_LOOP_ANALYSIS = YES;
				CLANG_WARN_STRICT_PROTOTYPES = YES;
				CLANG_WARN_SUSPICIOUS_MOVE = YES;
				CLANG_WARN_UNGUARDED_AVAILABILITY = YES_AGGRESSIVE;
				CLANG_WARN_UNREACHABLE_CODE = YES;
				CLANG_WARN__DUPLICATE_METHOD_MATCH = YES;
				COPY_PHASE_STRIP = NO;
				DEBUG_INFORMATION_FORMAT = "dwarf-with-dsym";
				ENABLE_NS_ASSERTIONS = NO;
				ENABLE_STRICT_OBJC_MSGSEND = YES;
				ENABLE_USER_SCRIPT_SANDBOXING = YES;
				GCC_C_LANGUAGE_STANDARD = gnu17;
				GCC_NO_COMMON_BLOCKS = YES;
				GCC_WARN_64_TO_32_BIT_CONVERSION = YES;
				GCC_WARN_ABOUT_RETURN_TYPE = YES_ERROR;
				GCC_WARN_UNDECLARED_SELECTOR = YES;
				GCC_WARN_UNINITIALIZED_AUTOS = YES_AGGRESSIVE;
				GCC_WARN_UNUSED_FUNCTION = YES;
				GCC_WARN_UNUSED_VARIABLE = YES;
				IPHONEOS_DEPLOYMENT_TARGET = 17.4;
				LOCALIZATION_PREFERS_STRING_CATALOGS = YES;
				MTL_ENABLE_DEBUG_INFO = NO;
				MTL_FAST_MATH = YES;
				SDKROOT = iphoneos;
				SWIFT_COMPILATION_MODE = wholemodule;
				VALIDATE_PRODUCT = YES;
			};
			name = Release;
		};
		AA5B23C52BBE9E99007F708F /* Debug */ = {
			isa = XCBuildConfiguration;
			buildSettings = {
				ASSETCATALOG_COMPILER_APPICON_NAME = AppIcon;
				ASSETCATALOG_COMPILER_GLOBAL_ACCENT_COLOR_NAME = AccentColor;
				CODE_SIGN_STYLE = Automatic;
				CURRENT_PROJECT_VERSION = 1;
				DEVELOPMENT_ASSET_PATHS = "\"HayattaKal/Preview Content\"";
				DEVELOPMENT_TEAM = 46PR5V47LD;
				ENABLE_PREVIEWS = YES;
				GENERATE_INFOPLIST_FILE = YES;
				INFOPLIST_KEY_UIApplicationSceneManifest_Generation = YES;
				INFOPLIST_KEY_UIApplicationSupportsIndirectInputEvents = YES;
				INFOPLIST_KEY_UILaunchScreen_Generation = YES;
				INFOPLIST_KEY_UISupportedInterfaceOrientations_iPad = "UIInterfaceOrientationPortrait UIInterfaceOrientationPortraitUpsideDown UIInterfaceOrientationLandscapeLeft UIInterfaceOrientationLandscapeRight";
				INFOPLIST_KEY_UISupportedInterfaceOrientations_iPhone = "UIInterfaceOrientationPortrait UIInterfaceOrientationLandscapeLeft UIInterfaceOrientationLandscapeRight";
				LD_RUNPATH_SEARCH_PATHS = (
					"$(inherited)",
					"@executable_path/Frameworks",
				);
				MARKETING_VERSION = 1.0;
				PRODUCT_BUNDLE_IDENTIFIER = com.yunusberdibekk.HayattaKal;
				PRODUCT_NAME = "$(TARGET_NAME)";
				SWIFT_EMIT_LOC_STRINGS = YES;
				SWIFT_VERSION = 5.0;
				TARGETED_DEVICE_FAMILY = "1,2";
			};
			name = Debug;
		};
		AA5B23C62BBE9E99007F708F /* Release */ = {
			isa = XCBuildConfiguration;
			buildSettings = {
				ASSETCATALOG_COMPILER_APPICON_NAME = AppIcon;
				ASSETCATALOG_COMPILER_GLOBAL_ACCENT_COLOR_NAME = AccentColor;
				CODE_SIGN_STYLE = Automatic;
				CURRENT_PROJECT_VERSION = 1;
				DEVELOPMENT_ASSET_PATHS = "\"HayattaKal/Preview Content\"";
				DEVELOPMENT_TEAM = 46PR5V47LD;
				ENABLE_PREVIEWS = YES;
				GENERATE_INFOPLIST_FILE = YES;
				INFOPLIST_KEY_UIApplicationSceneManifest_Generation = YES;
				INFOPLIST_KEY_UIApplicationSupportsIndirectInputEvents = YES;
				INFOPLIST_KEY_UILaunchScreen_Generation = YES;
				INFOPLIST_KEY_UISupportedInterfaceOrientations_iPad = "UIInterfaceOrientationPortrait UIInterfaceOrientationPortraitUpsideDown UIInterfaceOrientationLandscapeLeft UIInterfaceOrientationLandscapeRight";
				INFOPLIST_KEY_UISupportedInterfaceOrientations_iPhone = "UIInterfaceOrientationPortrait UIInterfaceOrientationLandscapeLeft UIInterfaceOrientationLandscapeRight";
				LD_RUNPATH_SEARCH_PATHS = (
					"$(inherited)",
					"@executable_path/Frameworks",
				);
				MARKETING_VERSION = 1.0;
				PRODUCT_BUNDLE_IDENTIFIER = com.yunusberdibekk.HayattaKal;
				PRODUCT_NAME = "$(TARGET_NAME)";
				SWIFT_EMIT_LOC_STRINGS = YES;
				SWIFT_VERSION = 5.0;
				TARGETED_DEVICE_FAMILY = "1,2";
			};
			name = Release;
		};
/* End XCBuildConfiguration section */

/* Begin XCConfigurationList section */
		AA5B23B12BBE9E98007F708F /* Build configuration list for PBXProject "HayattaKal" */ = {
			isa = XCConfigurationList;
			buildConfigurations = (
				AA5B23C22BBE9E99007F708F /* Debug */,
				AA5B23C32BBE9E99007F708F /* Release */,
			);
			defaultConfigurationIsVisible = 0;
			defaultConfigurationName = Release;
		};
		AA5B23C42BBE9E99007F708F /* Build configuration list for PBXNativeTarget "HayattaKal" */ = {
			isa = XCConfigurationList;
			buildConfigurations = (
				AA5B23C52BBE9E99007F708F /* Debug */,
				AA5B23C62BBE9E99007F708F /* Release */,
			);
			defaultConfigurationIsVisible = 0;
			defaultConfigurationName = Release;
		};
/* End XCConfigurationList section */
	};
	rootObject = AA5B23AE2BBE9E98007F708F /* Project object */;
}
