// !$*UTF8*$!
{
	archiveVersion = 1;
	classes = {
	};
	objectVersion = 56;
	objects = {

/* Begin PBXBuildFile section */
		AA5B23BA2BBE9E98007F708F /* HayattaKalApp.swift in Sources */ = {isa = PBXBuildFile; fileRef = AA5B23B92BBE9E98007F708F /* HayattaKalApp.swift */; };
		AA5B23BE2BBE9E99007F708F /* Assets.xcassets in Resources */ = {isa = PBXBuildFile; fileRef = AA5B23BD2BBE9E99007F708F /* Assets.xcassets */; };
		AA5B23C12BBE9E99007F708F /* Preview Assets.xcassets in Resources */ = {isa = PBXBuildFile; fileRef = AA5B23C02BBE9E99007F708F /* Preview Assets.xcassets */; };
		F0210D332C15FD3E00D0557E /* Onboarding.swift in Sources */ = {isa = PBXBuildFile; fileRef = F0210D322C15FD3E00D0557E /* Onboarding.swift */; };
		F0210D352C15FD6200D0557E /* Onboarding+UI.swift in Sources */ = {isa = PBXBuildFile; fileRef = F0210D342C15FD6200D0557E /* Onboarding+UI.swift */; };
		F0210D372C15FD6900D0557E /* OnboardingScene.swift in Sources */ = {isa = PBXBuildFile; fileRef = F0210D362C15FD6900D0557E /* OnboardingScene.swift */; };
		F0210D392C15FD7300D0557E /* OnboardingViewModel.swift in Sources */ = {isa = PBXBuildFile; fileRef = F0210D382C15FD7300D0557E /* OnboardingViewModel.swift */; };
		F0210D3C2C16046E00D0557E /* AuthScene.swift in Sources */ = {isa = PBXBuildFile; fileRef = F0210D3B2C16046E00D0557E /* AuthScene.swift */; };
		F0210D412C1606F100D0557E /* TabScene.swift in Sources */ = {isa = PBXBuildFile; fileRef = F0210D402C1606F100D0557E /* TabScene.swift */; };
		F0210D432C1606F700D0557E /* Tab+UI.swift in Sources */ = {isa = PBXBuildFile; fileRef = F0210D422C1606F700D0557E /* Tab+UI.swift */; };
		F0210D462C1607B400D0557E /* Tab.swift in Sources */ = {isa = PBXBuildFile; fileRef = F0210D452C1607B400D0557E /* Tab.swift */; };
		F0210D492C160EFA00D0557E /* Home.swift in Sources */ = {isa = PBXBuildFile; fileRef = F0210D482C160EFA00D0557E /* Home.swift */; };
		F0210D4B2C161D4100D0557E /* HomeScene.swift in Sources */ = {isa = PBXBuildFile; fileRef = F0210D4A2C161D4100D0557E /* HomeScene.swift */; };
		F0210D4D2C161D4800D0557E /* Home+UI.swift in Sources */ = {isa = PBXBuildFile; fileRef = F0210D4C2C161D4800D0557E /* Home+UI.swift */; };
		F0210D4F2C161D5400D0557E /* HomeViewModel.swift in Sources */ = {isa = PBXBuildFile; fileRef = F0210D4E2C161D5400D0557E /* HomeViewModel.swift */; };
		F0210D562C16614E00D0557E /* HomeDetail+UI.swift in Sources */ = {isa = PBXBuildFile; fileRef = F0210D552C16614D00D0557E /* HomeDetail+UI.swift */; };
		F0210D582C16615400D0557E /* HomeDetailScene.swift in Sources */ = {isa = PBXBuildFile; fileRef = F0210D572C16615400D0557E /* HomeDetailScene.swift */; };
		F02225C52C128D2500636DC4 /* UIImage+Extension.swift in Sources */ = {isa = PBXBuildFile; fileRef = F02225C42C128D2500636DC4 /* UIImage+Extension.swift */; };
		F02225CF2C15093A00636DC4 /* NodeType.swift in Sources */ = {isa = PBXBuildFile; fileRef = F02225CE2C15093A00636DC4 /* NodeType.swift */; };
		F02225D22C150F5D00636DC4 /* LoginScene.swift in Sources */ = {isa = PBXBuildFile; fileRef = F02225D12C150F5D00636DC4 /* LoginScene.swift */; };
		F02225D42C150F6A00636DC4 /* Login+UI.swift in Sources */ = {isa = PBXBuildFile; fileRef = F02225D32C150F6A00636DC4 /* Login+UI.swift */; };
		F02225D62C150F7300636DC4 /* LoginViewModel.swift in Sources */ = {isa = PBXBuildFile; fileRef = F02225D52C150F7300636DC4 /* LoginViewModel.swift */; };
		F02225D82C15101F00636DC4 /* Login.swift in Sources */ = {isa = PBXBuildFile; fileRef = F02225D72C15101F00636DC4 /* Login.swift */; };
		F02225DA2C15102400636DC4 /* Register.swift in Sources */ = {isa = PBXBuildFile; fileRef = F02225D92C15102400636DC4 /* Register.swift */; };
		F02225DD2C1516DB00636DC4 /* Register+UI.swift in Sources */ = {isa = PBXBuildFile; fileRef = F02225DC2C1516DB00636DC4 /* Register+UI.swift */; };
		F02225DF2C1516E200636DC4 /* RegisterViewModel.swift in Sources */ = {isa = PBXBuildFile; fileRef = F02225DE2C1516E200636DC4 /* RegisterViewModel.swift */; };
		F02225E12C1516E700636DC4 /* RegisterScene.swift in Sources */ = {isa = PBXBuildFile; fileRef = F02225E02C1516E700636DC4 /* RegisterScene.swift */; };
		F02225E32C15184900636DC4 /* BaseNavigationView.swift in Sources */ = {isa = PBXBuildFile; fileRef = F02225E22C15184900636DC4 /* BaseNavigationView.swift */; };
		F02225E82C151A3300636DC4 /* AuthFormField.swift in Sources */ = {isa = PBXBuildFile; fileRef = F02225E72C151A3300636DC4 /* AuthFormField.swift */; };
		F02225EB2C151A4B00636DC4 /* SFSymbol.swift in Sources */ = {isa = PBXBuildFile; fileRef = F02225EA2C151A4B00636DC4 /* SFSymbol.swift */; };
		F02225ED2C151A7C00636DC4 /* View+Extension.swift in Sources */ = {isa = PBXBuildFile; fileRef = F02225EC2C151A7C00636DC4 /* View+Extension.swift */; };
		F02225EF2C151AA500636DC4 /* Auth.swift in Sources */ = {isa = PBXBuildFile; fileRef = F02225EE2C151AA500636DC4 /* Auth.swift */; };
		F038A84A2C12308C00D4E1B0 /* BaseStackView.swift in Sources */ = {isa = PBXBuildFile; fileRef = F038A8492C12308C00D4E1B0 /* BaseStackView.swift */; };
		F038A84E2C125DFC00D4E1B0 /* MLMultiArray+Extension.swift in Sources */ = {isa = PBXBuildFile; fileRef = F038A84D2C125DFC00D4E1B0 /* MLMultiArray+Extension.swift */; };
		F091EF7E2C10947400EB03EA /* BaseView.swift in Sources */ = {isa = PBXBuildFile; fileRef = F091EF7D2C10947400EB03EA /* BaseView.swift */; };
		F091EF802C10947A00EB03EA /* BaseBodyView.swift in Sources */ = {isa = PBXBuildFile; fileRef = F091EF7F2C10947A00EB03EA /* BaseBodyView.swift */; };
		F0A5862C2C0F9D0D00473198 /* Launch Screen.storyboard in Resources */ = {isa = PBXBuildFile; fileRef = F0A5862B2C0F9D0D00473198 /* Launch Screen.storyboard */; };
		F0C4BEBE2C122518001A525F /* Colors.xcassets in Resources */ = {isa = PBXBuildFile; fileRef = F0C4BEBD2C122518001A525F /* Colors.xcassets */; };
		F0C4BEC02C12253E001A525F /* Images.xcassets in Resources */ = {isa = PBXBuildFile; fileRef = F0C4BEBF2C12253E001A525F /* Images.xcassets */; };
		F0C4BEC32C122656001A525F /* Triangle+UI.swift in Sources */ = {isa = PBXBuildFile; fileRef = F0C4BEC22C122656001A525F /* Triangle+UI.swift */; };
		F0C4BEC52C12265F001A525F /* TriangleScene.swift in Sources */ = {isa = PBXBuildFile; fileRef = F0C4BEC42C12265F001A525F /* TriangleScene.swift */; };
		F0C4BEC72C12266B001A525F /* TriangleViewModel.swift in Sources */ = {isa = PBXBuildFile; fileRef = F0C4BEC62C12266B001A525F /* TriangleViewModel.swift */; };
		F0F61FF02C1674A3000F5A00 /* FCRN.mlmodel in Sources */ = {isa = PBXBuildFile; fileRef = F0F61FED2C1674A3000F5A00 /* FCRN.mlmodel */; };
		F0F61FF32C1674DD000F5A00 /* ProfileScene.swift in Sources */ = {isa = PBXBuildFile; fileRef = F0F61FF22C1674DD000F5A00 /* ProfileScene.swift */; };
		F0F61FF52C1674E6000F5A00 /* Profile+UI.swift in Sources */ = {isa = PBXBuildFile; fileRef = F0F61FF42C1674E6000F5A00 /* Profile+UI.swift */; };
		F0F61FF72C1675F4000F5A00 /* ProfileViewModel.swift in Sources */ = {isa = PBXBuildFile; fileRef = F0F61FF62C1675F4000F5A00 /* ProfileViewModel.swift */; };
		F0F61FF92C1675FF000F5A00 /* Profile.swift in Sources */ = {isa = PBXBuildFile; fileRef = F0F61FF82C1675FF000F5A00 /* Profile.swift */; };
		F0F61FFB2C16B98B000F5A00 /* V1.mlmodel in Sources */ = {isa = PBXBuildFile; fileRef = F0F61FFA2C16B98B000F5A00 /* V1.mlmodel */; };
		F0F620122C18C283000F5A00 /* Node.swift in Sources */ = {isa = PBXBuildFile; fileRef = F0F620112C18C283000F5A00 /* Node.swift */; };
		F0F620142C18C288000F5A00 /* Graph.swift in Sources */ = {isa = PBXBuildFile; fileRef = F0F620132C18C288000F5A00 /* Graph.swift */; };
		F0F620162C18F393000F5A00 /* Triangle.swift in Sources */ = {isa = PBXBuildFile; fileRef = F0F620152C18F393000F5A00 /* Triangle.swift */; };
		F0F620182C1922DF000F5A00 /* MLModelConfiguration+Extension.swift in Sources */ = {isa = PBXBuildFile; fileRef = F0F620172C1922DF000F5A00 /* MLModelConfiguration+Extension.swift */; };
/* End PBXBuildFile section */

/* Begin PBXFileReference section */
		AA5B23B62BBE9E98007F708F /* HayattaKal.app */ = {isa = PBXFileReference; explicitFileType = wrapper.application; includeInIndex = 0; path = HayattaKal.app; sourceTree = BUILT_PRODUCTS_DIR; };
		AA5B23B92BBE9E98007F708F /* HayattaKalApp.swift */ = {isa = PBXFileReference; lastKnownFileType = sourcecode.swift; path = HayattaKalApp.swift; sourceTree = "<group>"; };
		AA5B23BD2BBE9E99007F708F /* Assets.xcassets */ = {isa = PBXFileReference; lastKnownFileType = folder.assetcatalog; path = Assets.xcassets; sourceTree = "<group>"; };
		AA5B23C02BBE9E99007F708F /* Preview Assets.xcassets */ = {isa = PBXFileReference; lastKnownFileType = folder.assetcatalog; path = "Preview Assets.xcassets"; sourceTree = "<group>"; };
		F0210D322C15FD3E00D0557E /* Onboarding.swift */ = {isa = PBXFileReference; lastKnownFileType = sourcecode.swift; path = Onboarding.swift; sourceTree = "<group>"; };
		F0210D342C15FD6200D0557E /* Onboarding+UI.swift */ = {isa = PBXFileReference; lastKnownFileType = sourcecode.swift; path = "Onboarding+UI.swift"; sourceTree = "<group>"; };
		F0210D362C15FD6900D0557E /* OnboardingScene.swift */ = {isa = PBXFileReference; lastKnownFileType = sourcecode.swift; path = OnboardingScene.swift; sourceTree = "<group>"; };
		F0210D382C15FD7300D0557E /* OnboardingViewModel.swift */ = {isa = PBXFileReference; lastKnownFileType = sourcecode.swift; path = OnboardingViewModel.swift; sourceTree = "<group>"; };
		F0210D3B2C16046E00D0557E /* AuthScene.swift */ = {isa = PBXFileReference; lastKnownFileType = sourcecode.swift; path = AuthScene.swift; sourceTree = "<group>"; };
		F0210D402C1606F100D0557E /* TabScene.swift */ = {isa = PBXFileReference; lastKnownFileType = sourcecode.swift; path = TabScene.swift; sourceTree = "<group>"; };
		F0210D422C1606F700D0557E /* Tab+UI.swift */ = {isa = PBXFileReference; lastKnownFileType = sourcecode.swift; path = "Tab+UI.swift"; sourceTree = "<group>"; };
		F0210D452C1607B400D0557E /* Tab.swift */ = {isa = PBXFileReference; lastKnownFileType = sourcecode.swift; path = Tab.swift; sourceTree = "<group>"; };
		F0210D482C160EFA00D0557E /* Home.swift */ = {isa = PBXFileReference; lastKnownFileType = sourcecode.swift; path = Home.swift; sourceTree = "<group>"; };
		F0210D4A2C161D4100D0557E /* HomeScene.swift */ = {isa = PBXFileReference; lastKnownFileType = sourcecode.swift; path = HomeScene.swift; sourceTree = "<group>"; };
		F0210D4C2C161D4800D0557E /* Home+UI.swift */ = {isa = PBXFileReference; lastKnownFileType = sourcecode.swift; path = "Home+UI.swift"; sourceTree = "<group>"; };
		F0210D4E2C161D5400D0557E /* HomeViewModel.swift */ = {isa = PBXFileReference; lastKnownFileType = sourcecode.swift; path = HomeViewModel.swift; sourceTree = "<group>"; };
		F0210D552C16614D00D0557E /* HomeDetail+UI.swift */ = {isa = PBXFileReference; lastKnownFileType = sourcecode.swift; path = "HomeDetail+UI.swift"; sourceTree = "<group>"; };
		F0210D572C16615400D0557E /* HomeDetailScene.swift */ = {isa = PBXFileReference; lastKnownFileType = sourcecode.swift; path = HomeDetailScene.swift; sourceTree = "<group>"; };
		F02225C42C128D2500636DC4 /* UIImage+Extension.swift */ = {isa = PBXFileReference; lastKnownFileType = sourcecode.swift; path = "UIImage+Extension.swift"; sourceTree = "<group>"; };
		F02225CE2C15093A00636DC4 /* NodeType.swift */ = {isa = PBXFileReference; lastKnownFileType = sourcecode.swift; path = NodeType.swift; sourceTree = "<group>"; };
		F02225D12C150F5D00636DC4 /* LoginScene.swift */ = {isa = PBXFileReference; lastKnownFileType = sourcecode.swift; path = LoginScene.swift; sourceTree = "<group>"; };
		F02225D32C150F6A00636DC4 /* Login+UI.swift */ = {isa = PBXFileReference; lastKnownFileType = sourcecode.swift; path = "Login+UI.swift"; sourceTree = "<group>"; };
		F02225D52C150F7300636DC4 /* LoginViewModel.swift */ = {isa = PBXFileReference; lastKnownFileType = sourcecode.swift; path = LoginViewModel.swift; sourceTree = "<group>"; };
		F02225D72C15101F00636DC4 /* Login.swift */ = {isa = PBXFileReference; lastKnownFileType = sourcecode.swift; path = Login.swift; sourceTree = "<group>"; };
		F02225D92C15102400636DC4 /* Register.swift */ = {isa = PBXFileReference; lastKnownFileType = sourcecode.swift; path = Register.swift; sourceTree = "<group>"; };
		F02225DC2C1516DB00636DC4 /* Register+UI.swift */ = {isa = PBXFileReference; lastKnownFileType = sourcecode.swift; path = "Register+UI.swift"; sourceTree = "<group>"; };
		F02225DE2C1516E200636DC4 /* RegisterViewModel.swift */ = {isa = PBXFileReference; lastKnownFileType = sourcecode.swift; path = RegisterViewModel.swift; sourceTree = "<group>"; };
		F02225E02C1516E700636DC4 /* RegisterScene.swift */ = {isa = PBXFileReference; lastKnownFileType = sourcecode.swift; path = RegisterScene.swift; sourceTree = "<group>"; };
		F02225E22C15184900636DC4 /* BaseNavigationView.swift */ = {isa = PBXFileReference; lastKnownFileType = sourcecode.swift; path = BaseNavigationView.swift; sourceTree = "<group>"; };
		F02225E72C151A3300636DC4 /* AuthFormField.swift */ = {isa = PBXFileReference; lastKnownFileType = sourcecode.swift; path = AuthFormField.swift; sourceTree = "<group>"; };
		F02225EA2C151A4B00636DC4 /* SFSymbol.swift */ = {isa = PBXFileReference; lastKnownFileType = sourcecode.swift; path = SFSymbol.swift; sourceTree = "<group>"; };
		F02225EC2C151A7C00636DC4 /* View+Extension.swift */ = {isa = PBXFileReference; lastKnownFileType = sourcecode.swift; path = "View+Extension.swift"; sourceTree = "<group>"; };
		F02225EE2C151AA500636DC4 /* Auth.swift */ = {isa = PBXFileReference; lastKnownFileType = sourcecode.swift; path = Auth.swift; sourceTree = "<group>"; };
		F038A8492C12308C00D4E1B0 /* BaseStackView.swift */ = {isa = PBXFileReference; lastKnownFileType = sourcecode.swift; path = BaseStackView.swift; sourceTree = "<group>"; };
		F038A84D2C125DFC00D4E1B0 /* MLMultiArray+Extension.swift */ = {isa = PBXFileReference; lastKnownFileType = sourcecode.swift; path = "MLMultiArray+Extension.swift"; sourceTree = "<group>"; };
		F091EF7D2C10947400EB03EA /* BaseView.swift */ = {isa = PBXFileReference; lastKnownFileType = sourcecode.swift; path = BaseView.swift; sourceTree = "<group>"; };
		F091EF7F2C10947A00EB03EA /* BaseBodyView.swift */ = {isa = PBXFileReference; lastKnownFileType = sourcecode.swift; path = BaseBodyView.swift; sourceTree = "<group>"; };
		F0A5862B2C0F9D0D00473198 /* Launch Screen.storyboard */ = {isa = PBXFileReference; lastKnownFileType = file.storyboard; path = "Launch Screen.storyboard"; sourceTree = "<group>"; };
		F0C4BEBD2C122518001A525F /* Colors.xcassets */ = {isa = PBXFileReference; lastKnownFileType = folder.assetcatalog; path = Colors.xcassets; sourceTree = "<group>"; };
		F0C4BEBF2C12253E001A525F /* Images.xcassets */ = {isa = PBXFileReference; lastKnownFileType = folder.assetcatalog; path = Images.xcassets; sourceTree = "<group>"; };
		F0C4BEC22C122656001A525F /* Triangle+UI.swift */ = {isa = PBXFileReference; lastKnownFileType = sourcecode.swift; path = "Triangle+UI.swift"; sourceTree = "<group>"; };
		F0C4BEC42C12265F001A525F /* TriangleScene.swift */ = {isa = PBXFileReference; lastKnownFileType = sourcecode.swift; path = TriangleScene.swift; sourceTree = "<group>"; };
		F0C4BEC62C12266B001A525F /* TriangleViewModel.swift */ = {isa = PBXFileReference; lastKnownFileType = sourcecode.swift; path = TriangleViewModel.swift; sourceTree = "<group>"; };
		F0F61FED2C1674A3000F5A00 /* FCRN.mlmodel */ = {isa = PBXFileReference; lastKnownFileType = file.mlmodel; name = FCRN.mlmodel; path = ../../../../../../../Documents/FCRN.mlmodel; sourceTree = "<group>"; };
		F0F61FF22C1674DD000F5A00 /* ProfileScene.swift */ = {isa = PBXFileReference; lastKnownFileType = sourcecode.swift; path = ProfileScene.swift; sourceTree = "<group>"; };
		F0F61FF42C1674E6000F5A00 /* Profile+UI.swift */ = {isa = PBXFileReference; lastKnownFileType = sourcecode.swift; path = "Profile+UI.swift"; sourceTree = "<group>"; };
		F0F61FF62C1675F4000F5A00 /* ProfileViewModel.swift */ = {isa = PBXFileReference; lastKnownFileType = sourcecode.swift; path = ProfileViewModel.swift; sourceTree = "<group>"; };
		F0F61FF82C1675FF000F5A00 /* Profile.swift */ = {isa = PBXFileReference; lastKnownFileType = sourcecode.swift; path = Profile.swift; sourceTree = "<group>"; };
		F0F61FFA2C16B98B000F5A00 /* V1.mlmodel */ = {isa = PBXFileReference; lastKnownFileType = file.mlmodel; path = V1.mlmodel; sourceTree = "<group>"; };
		F0F620112C18C283000F5A00 /* Node.swift */ = {isa = PBXFileReference; lastKnownFileType = sourcecode.swift; path = Node.swift; sourceTree = "<group>"; };
		F0F620132C18C288000F5A00 /* Graph.swift */ = {isa = PBXFileReference; lastKnownFileType = sourcecode.swift; path = Graph.swift; sourceTree = "<group>"; };
		F0F620152C18F393000F5A00 /* Triangle.swift */ = {isa = PBXFileReference; lastKnownFileType = sourcecode.swift; path = Triangle.swift; sourceTree = "<group>"; };
		F0F620172C1922DF000F5A00 /* MLModelConfiguration+Extension.swift */ = {isa = PBXFileReference; lastKnownFileType = sourcecode.swift; path = "MLModelConfiguration+Extension.swift"; sourceTree = "<group>"; };
/* End PBXFileReference section */

/* Begin PBXFrameworksBuildPhase section */
		AA5B23B32BBE9E98007F708F /* Frameworks */ = {
			isa = PBXFrameworksBuildPhase;
			buildActionMask = 2147483647;
			files = (
			);
			runOnlyForDeploymentPostprocessing = 0;
		};
/* End PBXFrameworksBuildPhase section */

/* Begin PBXGroup section */
		AA5B23AD2BBE9E98007F708F = {
			isa = PBXGroup;
			children = (
				AA5B23B82BBE9E98007F708F /* HayattaKal */,
				AA5B23B72BBE9E98007F708F /* Products */,
			);
			sourceTree = "<group>";
		};
		AA5B23B72BBE9E98007F708F /* Products */ = {
			isa = PBXGroup;
			children = (
				AA5B23B62BBE9E98007F708F /* HayattaKal.app */,
			);
			name = Products;
			sourceTree = "<group>";
		};
		AA5B23B82BBE9E98007F708F /* HayattaKal */ = {
			isa = PBXGroup;
			children = (
				F0A586232C0F9CBD00473198 /* App */,
				F0A586242C0F9CC000473198 /* Base */,
				F0C4BEB52C1222A1001A525F /* Models */,
				AA5B23BF2BBE9E99007F708F /* Preview Content */,
				F02225E42C151A0A00636DC4 /* Product */,
				F0A586282C0F9CD800473198 /* Resources */,
				F0A586292C0F9CE600473198 /* Scenes */,
				F038A84B2C125DE200D4E1B0 /* Utilities */,
			);
			path = HayattaKal;
			sourceTree = "<group>";
		};
		AA5B23BF2BBE9E99007F708F /* Preview Content */ = {
			isa = PBXGroup;
			children = (
				AA5B23C02BBE9E99007F708F /* Preview Assets.xcassets */,
			);
			path = "Preview Content";
			sourceTree = "<group>";
		};
		F0210D312C15FC7B00D0557E /* Onboarding */ = {
			isa = PBXGroup;
			children = (
				F0210D342C15FD6200D0557E /* Onboarding+UI.swift */,
				F0210D362C15FD6900D0557E /* OnboardingScene.swift */,
				F0210D382C15FD7300D0557E /* OnboardingViewModel.swift */,
			);
			path = Onboarding;
			sourceTree = "<group>";
		};
		F0210D3A2C16046400D0557E /* Auth */ = {
			isa = PBXGroup;
			children = (
				F0210D3B2C16046E00D0557E /* AuthScene.swift */,
			);
			path = Auth;
			sourceTree = "<group>";
		};
		F0210D3D2C1606B300D0557E /* Tab */ = {
			isa = PBXGroup;
			children = (
				F0210D422C1606F700D0557E /* Tab+UI.swift */,
				F0210D402C1606F100D0557E /* TabScene.swift */,
			);
			path = Tab;
			sourceTree = "<group>";
		};
		F0210D472C160EE100D0557E /* Home */ = {
			isa = PBXGroup;
			children = (
				F0210D4C2C161D4800D0557E /* Home+UI.swift */,
				F0210D4A2C161D4100D0557E /* HomeScene.swift */,
				F0210D4E2C161D5400D0557E /* HomeViewModel.swift */,
			);
			path = Home;
			sourceTree = "<group>";
		};
		F0210D542C1660A600D0557E /* HomeDetail */ = {
			isa = PBXGroup;
			children = (
				F0210D552C16614D00D0557E /* HomeDetail+UI.swift */,
				F0210D572C16615400D0557E /* HomeDetailScene.swift */,
			);
			path = HomeDetail;
			sourceTree = "<group>";
		};
		F02225C62C129ABD00636DC4 /* Scenes */ = {
			isa = PBXGroup;
			children = (
				F0210D482C160EFA00D0557E /* Home.swift */,
				F02225D72C15101F00636DC4 /* Login.swift */,
				F0210D322C15FD3E00D0557E /* Onboarding.swift */,
				F0F61FF82C1675FF000F5A00 /* Profile.swift */,
				F02225D92C15102400636DC4 /* Register.swift */,
				F0210D452C1607B400D0557E /* Tab.swift */,
				F0F620152C18F393000F5A00 /* Triangle.swift */,
			);
			path = Scenes;
			sourceTree = "<group>";
		};
		F02225CD2C15093400636DC4 /* Enum */ = {
			isa = PBXGroup;
			children = (
				F02225CE2C15093A00636DC4 /* NodeType.swift */,
			);
			path = Enum;
			sourceTree = "<group>";
		};
		F02225D02C150F2700636DC4 /* Login */ = {
			isa = PBXGroup;
			children = (
				F02225D32C150F6A00636DC4 /* Login+UI.swift */,
				F02225D12C150F5D00636DC4 /* LoginScene.swift */,
				F02225D52C150F7300636DC4 /* LoginViewModel.swift */,
			);
			path = Login;
			sourceTree = "<group>";
		};
		F02225DB2C1516BA00636DC4 /* Register */ = {
			isa = PBXGroup;
			children = (
				F02225DC2C1516DB00636DC4 /* Register+UI.swift */,
				F02225E02C1516E700636DC4 /* RegisterScene.swift */,
				F02225DE2C1516E200636DC4 /* RegisterViewModel.swift */,
			);
			path = Register;
			sourceTree = "<group>";
		};
		F02225E42C151A0A00636DC4 /* Product */ = {
			isa = PBXGroup;
			children = (
				F02225E52C151A1700636DC4 /* Components */,
				F02225E62C151A1B00636DC4 /* Modifier */,
			);
			path = Product;
			sourceTree = "<group>";
		};
		F02225E52C151A1700636DC4 /* Components */ = {
			isa = PBXGroup;
			children = (
				F02225E72C151A3300636DC4 /* AuthFormField.swift */,
			);
			path = Components;
			sourceTree = "<group>";
		};
		F02225E62C151A1B00636DC4 /* Modifier */ = {
			isa = PBXGroup;
			children = (
				F02225EE2C151AA500636DC4 /* Auth.swift */,
			);
			path = Modifier;
			sourceTree = "<group>";
		};
		F02225E92C151A4400636DC4 /* Constant */ = {
			isa = PBXGroup;
			children = (
				F02225EA2C151A4B00636DC4 /* SFSymbol.swift */,
			);
			path = Constant;
			sourceTree = "<group>";
		};
		F038A84B2C125DE200D4E1B0 /* Utilities */ = {
			isa = PBXGroup;
			children = (
				F02225E92C151A4400636DC4 /* Constant */,
				F02225CD2C15093400636DC4 /* Enum */,
				F038A84C2C125DEC00D4E1B0 /* Extension */,
			);
			path = Utilities;
			sourceTree = "<group>";
		};
		F038A84C2C125DEC00D4E1B0 /* Extension */ = {
			isa = PBXGroup;
			children = (
				F038A84D2C125DFC00D4E1B0 /* MLMultiArray+Extension.swift */,
				F02225C42C128D2500636DC4 /* UIImage+Extension.swift */,
				F02225EC2C151A7C00636DC4 /* View+Extension.swift */,
				F0F620172C1922DF000F5A00 /* MLModelConfiguration+Extension.swift */,
			);
			path = Extension;
			sourceTree = "<group>";
		};
		F0A586232C0F9CBD00473198 /* App */ = {
			isa = PBXGroup;
			children = (
				AA5B23B92BBE9E98007F708F /* HayattaKalApp.swift */,
				F0A5862B2C0F9D0D00473198 /* Launch Screen.storyboard */,
			);
			path = App;
			sourceTree = "<group>";
		};
		F0A586242C0F9CC000473198 /* Base */ = {
			isa = PBXGroup;
			children = (
				F0A586312C0F9DE000473198 /* View */,
			);
			path = Base;
			sourceTree = "<group>";
		};
		F0A586282C0F9CD800473198 /* Resources */ = {
			isa = PBXGroup;
			children = (
				AA5B23BD2BBE9E99007F708F /* Assets.xcassets */,
				F0C4BEBD2C122518001A525F /* Colors.xcassets */,
				F0C4BEBF2C12253E001A525F /* Images.xcassets */,
			);
			path = Resources;
			sourceTree = "<group>";
		};
		F0A586292C0F9CE600473198 /* Scenes */ = {
			isa = PBXGroup;
			children = (
				F0210D3A2C16046400D0557E /* Auth */,
				F0210D472C160EE100D0557E /* Home */,
				F0210D542C1660A600D0557E /* HomeDetail */,
				F02225D02C150F2700636DC4 /* Login */,
				F0210D312C15FC7B00D0557E /* Onboarding */,
				F0F61FF12C1674CE000F5A00 /* Profile */,
				F02225DB2C1516BA00636DC4 /* Register */,
				F0210D3D2C1606B300D0557E /* Tab */,
				F0C4BEC12C122612001A525F /* Triangle */,
			);
			path = Scenes;
			sourceTree = "<group>";
		};
		F0A586312C0F9DE000473198 /* View */ = {
			isa = PBXGroup;
			children = (
				F091EF7F2C10947A00EB03EA /* BaseBodyView.swift */,
				F091EF7D2C10947400EB03EA /* BaseView.swift */,
				F038A8492C12308C00D4E1B0 /* BaseStackView.swift */,
				F02225E22C15184900636DC4 /* BaseNavigationView.swift */,
			);
			path = View;
			sourceTree = "<group>";
		};
		F0C4BEB52C1222A1001A525F /* Models */ = {
			isa = PBXGroup;
			children = (
				F0F620102C18C273000F5A00 /* Shared */,
				F0F61FEA2C16745E000F5A00 /* ML */,
				F02225C62C129ABD00636DC4 /* Scenes */,
			);
			path = Models;
			sourceTree = "<group>";
		};
		F0C4BEC12C122612001A525F /* Triangle */ = {
			isa = PBXGroup;
			children = (
				F0C4BEC22C122656001A525F /* Triangle+UI.swift */,
				F0C4BEC42C12265F001A525F /* TriangleScene.swift */,
				F0C4BEC62C12266B001A525F /* TriangleViewModel.swift */,
			);
			path = Triangle;
			sourceTree = "<group>";
		};
		F0F61FEA2C16745E000F5A00 /* ML */ = {
			isa = PBXGroup;
			children = (
				F0F61FED2C1674A3000F5A00 /* FCRN.mlmodel */,
				F0F61FFA2C16B98B000F5A00 /* V1.mlmodel */,
			);
			path = ML;
			sourceTree = "<group>";
		};
		F0F61FF12C1674CE000F5A00 /* Profile */ = {
			isa = PBXGroup;
			children = (
				F0F61FF42C1674E6000F5A00 /* Profile+UI.swift */,
				F0F61FF22C1674DD000F5A00 /* ProfileScene.swift */,
				F0F61FF62C1675F4000F5A00 /* ProfileViewModel.swift */,
			);
			path = Profile;
			sourceTree = "<group>";
		};
		F0F620102C18C273000F5A00 /* Shared */ = {
			isa = PBXGroup;
			children = (
				F0F620132C18C288000F5A00 /* Graph.swift */,
				F0F620112C18C283000F5A00 /* Node.swift */,
			);
			path = Shared;
			sourceTree = "<group>";
		};
/* End PBXGroup section */

/* Begin PBXNativeTarget section */
		AA5B23B52BBE9E98007F708F /* HayattaKal */ = {
			isa = PBXNativeTarget;
			buildConfigurationList = AA5B23C42BBE9E99007F708F /* Build configuration list for PBXNativeTarget "HayattaKal" */;
			buildPhases = (
				AA5B23B22BBE9E98007F708F /* Sources */,
				AA5B23B32BBE9E98007F708F /* Frameworks */,
				AA5B23B42BBE9E98007F708F /* Resources */,
			);
			buildRules = (
			);
			dependencies = (
			);
			name = HayattaKal;
			productName = HayattaKal;
			productReference = AA5B23B62BBE9E98007F708F /* HayattaKal.app */;
			productType = "com.apple.product-type.application";
		};
/* End PBXNativeTarget section */

/* Begin PBXProject section */
		AA5B23AE2BBE9E98007F708F /* Project object */ = {
			isa = PBXProject;
			attributes = {
				BuildIndependentTargetsInParallel = 1;
				LastSwiftUpdateCheck = 1530;
				LastUpgradeCheck = 1530;
				TargetAttributes = {
					AA5B23B52BBE9E98007F708F = {
						CreatedOnToolsVersion = 15.3;
					};
				};
			};
			buildConfigurationList = AA5B23B12BBE9E98007F708F /* Build configuration list for PBXProject "HayattaKal" */;
			compatibilityVersion = "Xcode 14.0";
			developmentRegion = en;
			hasScannedForEncodings = 0;
			knownRegions = (
				en,
				Base,
			);
			mainGroup = AA5B23AD2BBE9E98007F708F;
			productRefGroup = AA5B23B72BBE9E98007F708F /* Products */;
			projectDirPath = "";
			projectRoot = "";
			targets = (
				AA5B23B52BBE9E98007F708F /* HayattaKal */,
			);
		};
/* End PBXProject section */

/* Begin PBXResourcesBuildPhase section */
		AA5B23B42BBE9E98007F708F /* Resources */ = {
			isa = PBXResourcesBuildPhase;
			buildActionMask = 2147483647;
			files = (
				F0C4BEBE2C122518001A525F /* Colors.xcassets in Resources */,
				F0C4BEC02C12253E001A525F /* Images.xcassets in Resources */,
				F0A5862C2C0F9D0D00473198 /* Launch Screen.storyboard in Resources */,
				AA5B23C12BBE9E99007F708F /* Preview Assets.xcassets in Resources */,
				AA5B23BE2BBE9E99007F708F /* Assets.xcassets in Resources */,
			);
			runOnlyForDeploymentPostprocessing = 0;
		};
/* End PBXResourcesBuildPhase section */

/* Begin PBXSourcesBuildPhase section */
		AA5B23B22BBE9E98007F708F /* Sources */ = {
			isa = PBXSourcesBuildPhase;
			buildActionMask = 2147483647;
			files = (
				F0210D332C15FD3E00D0557E /* Onboarding.swift in Sources */,
				F038A84A2C12308C00D4E1B0 /* BaseStackView.swift in Sources */,
				F0210D412C1606F100D0557E /* TabScene.swift in Sources */,
				F0F61FF92C1675FF000F5A00 /* Profile.swift in Sources */,
				F0210D562C16614E00D0557E /* HomeDetail+UI.swift in Sources */,
				F02225E32C15184900636DC4 /* BaseNavigationView.swift in Sources */,
				F02225D82C15101F00636DC4 /* Login.swift in Sources */,
				F0F61FF32C1674DD000F5A00 /* ProfileScene.swift in Sources */,
				F0210D4B2C161D4100D0557E /* HomeScene.swift in Sources */,
				F0F620182C1922DF000F5A00 /* MLModelConfiguration+Extension.swift in Sources */,
				F0F620122C18C283000F5A00 /* Node.swift in Sources */,
				F0F620162C18F393000F5A00 /* Triangle.swift in Sources */,
				F0210D4D2C161D4800D0557E /* Home+UI.swift in Sources */,
				F02225CF2C15093A00636DC4 /* NodeType.swift in Sources */,
				F091EF7E2C10947400EB03EA /* BaseView.swift in Sources */,
				F02225D62C150F7300636DC4 /* LoginViewModel.swift in Sources */,
				F02225ED2C151A7C00636DC4 /* View+Extension.swift in Sources */,
				F038A84E2C125DFC00D4E1B0 /* MLMultiArray+Extension.swift in Sources */,
				F0F61FF52C1674E6000F5A00 /* Profile+UI.swift in Sources */,
				F02225EB2C151A4B00636DC4 /* SFSymbol.swift in Sources */,
				F0210D3C2C16046E00D0557E /* AuthScene.swift in Sources */,
				F0F61FF02C1674A3000F5A00 /* FCRN.mlmodel in Sources */,
				F02225DD2C1516DB00636DC4 /* Register+UI.swift in Sources */,
				F0F620142C18C288000F5A00 /* Graph.swift in Sources */,
				F0C4BEC52C12265F001A525F /* TriangleScene.swift in Sources */,
				F02225D22C150F5D00636DC4 /* LoginScene.swift in Sources */,
				F091EF802C10947A00EB03EA /* BaseBodyView.swift in Sources */,
				F02225EF2C151AA500636DC4 /* Auth.swift in Sources */,
				F02225E12C1516E700636DC4 /* RegisterScene.swift in Sources */,
				F02225DF2C1516E200636DC4 /* RegisterViewModel.swift in Sources */,
				F0210D492C160EFA00D0557E /* Home.swift in Sources */,
				F02225E82C151A3300636DC4 /* AuthFormField.swift in Sources */,
				F0C4BEC32C122656001A525F /* Triangle+UI.swift in Sources */,
				F02225DA2C15102400636DC4 /* Register.swift in Sources */,
				F0210D352C15FD6200D0557E /* Onboarding+UI.swift in Sources */,
				F0210D462C1607B400D0557E /* Tab.swift in Sources */,
				F0C4BEC72C12266B001A525F /* TriangleViewModel.swift in Sources */,
				F0210D392C15FD7300D0557E /* OnboardingViewModel.swift in Sources */,
				F02225D42C150F6A00636DC4 /* Login+UI.swift in Sources */,
				F0210D4F2C161D5400D0557E /* HomeViewModel.swift in Sources */,
				F0F61FFB2C16B98B000F5A00 /* V1.mlmodel in Sources */,
				F0F61FF72C1675F4000F5A00 /* ProfileViewModel.swift in Sources */,
				F02225C52C128D2500636DC4 /* UIImage+Extension.swift in Sources */,
				F0210D582C16615400D0557E /* HomeDetailScene.swift in Sources */,
				F0210D372C15FD6900D0557E /* OnboardingScene.swift in Sources */,
				AA5B23BA2BBE9E98007F708F /* HayattaKalApp.swift in Sources */,
				F0210D432C1606F700D0557E /* Tab+UI.swift in Sources */,
			);
			runOnlyForDeploymentPostprocessing = 0;
		};
/* End PBXSourcesBuildPhase section */

/* Begin XCBuildConfiguration section */
		AA5B23C22BBE9E99007F708F /* Debug */ = {
			isa = XCBuildConfiguration;
			buildSettings = {
				ALWAYS_SEARCH_USER_PATHS = NO;
				ASSETCATALOG_COMPILER_GENERATE_SWIFT_ASSET_SYMBOL_EXTENSIONS = YES;
				CLANG_ANALYZER_NONNULL = YES;
				CLANG_ANALYZER_NUMBER_OBJECT_CONVERSION = YES_AGGRESSIVE;
				CLANG_CXX_LANGUAGE_STANDARD = "gnu++20";
				CLANG_ENABLE_MODULES = YES;
				CLANG_ENABLE_OBJC_ARC = YES;
				CLANG_ENABLE_OBJC_WEAK = YES;
				CLANG_WARN_BLOCK_CAPTURE_AUTORELEASING = YES;
				CLANG_WARN_BOOL_CONVERSION = YES;
				CLANG_WARN_COMMA = YES;
				CLANG_WARN_CONSTANT_CONVERSION = YES;
				CLANG_WARN_DEPRECATED_OBJC_IMPLEMENTATIONS = YES;
				CLANG_WARN_DIRECT_OBJC_ISA_USAGE = YES_ERROR;
				CLANG_WARN_DOCUMENTATION_COMMENTS = YES;
				CLANG_WARN_EMPTY_BODY = YES;
				CLANG_WARN_ENUM_CONVERSION = YES;
				CLANG_WARN_INFINITE_RECURSION = YES;
				CLANG_WARN_INT_CONVERSION = YES;
				CLANG_WARN_NON_LITERAL_NULL_CONVERSION = YES;
				CLANG_WARN_OBJC_IMPLICIT_RETAIN_SELF = YES;
				CLANG_WARN_OBJC_LITERAL_CONVERSION = YES;
				CLANG_WARN_OBJC_ROOT_CLASS = YES_ERROR;
				CLANG_WARN_QUOTED_INCLUDE_IN_FRAMEWORK_HEADER = YES;
				CLANG_WARN_RANGE_LOOP_ANALYSIS = YES;
				CLANG_WARN_STRICT_PROTOTYPES = YES;
				CLANG_WARN_SUSPICIOUS_MOVE = YES;
				CLANG_WARN_UNGUARDED_AVAILABILITY = YES_AGGRESSIVE;
				CLANG_WARN_UNREACHABLE_CODE = YES;
				CLANG_WARN__DUPLICATE_METHOD_MATCH = YES;
				COPY_PHASE_STRIP = NO;
				DEBUG_INFORMATION_FORMAT = dwarf;
				ENABLE_STRICT_OBJC_MSGSEND = YES;
				ENABLE_TESTABILITY = YES;
				ENABLE_USER_SCRIPT_SANDBOXING = YES;
				GCC_C_LANGUAGE_STANDARD = gnu17;
				GCC_DYNAMIC_NO_PIC = NO;
				GCC_NO_COMMON_BLOCKS = YES;
				GCC_OPTIMIZATION_LEVEL = 0;
				GCC_PREPROCESSOR_DEFINITIONS = (
					"DEBUG=1",
					"$(inherited)",
				);
				GCC_WARN_64_TO_32_BIT_CONVERSION = YES;
				GCC_WARN_ABOUT_RETURN_TYPE = YES_ERROR;
				GCC_WARN_UNDECLARED_SELECTOR = YES;
				GCC_WARN_UNINITIALIZED_AUTOS = YES_AGGRESSIVE;
				GCC_WARN_UNUSED_FUNCTION = YES;
				GCC_WARN_UNUSED_VARIABLE = YES;
				IPHONEOS_DEPLOYMENT_TARGET = 17.4;
				LOCALIZATION_PREFERS_STRING_CATALOGS = YES;
				MTL_ENABLE_DEBUG_INFO = INCLUDE_SOURCE;
				MTL_FAST_MATH = YES;
				ONLY_ACTIVE_ARCH = YES;
				SDKROOT = iphoneos;
				SWIFT_ACTIVE_COMPILATION_CONDITIONS = "DEBUG $(inherited)";
				SWIFT_OPTIMIZATION_LEVEL = "-Onone";
			};
			name = Debug;
		};
		AA5B23C32BBE9E99007F708F /* Release */ = {
			isa = XCBuildConfiguration;
			buildSettings = {
				ALWAYS_SEARCH_USER_PATHS = NO;
				ASSETCATALOG_COMPILER_GENERATE_SWIFT_ASSET_SYMBOL_EXTENSIONS = YES;
				CLANG_ANALYZER_NONNULL = YES;
				CLANG_ANALYZER_NUMBER_OBJECT_CONVERSION = YES_AGGRESSIVE;
				CLANG_CXX_LANGUAGE_STANDARD = "gnu++20";
				CLANG_ENABLE_MODULES = YES;
				CLANG_ENABLE_OBJC_ARC = YES;
				CLANG_ENABLE_OBJC_WEAK = YES;
				CLANG_WARN_BLOCK_CAPTURE_AUTORELEASING = YES;
				CLANG_WARN_BOOL_CONVERSION = YES;
				CLANG_WARN_COMMA = YES;
				CLANG_WARN_CONSTANT_CONVERSION = YES;
				CLANG_WARN_DEPRECATED_OBJC_IMPLEMENTATIONS = YES;
				CLANG_WARN_DIRECT_OBJC_ISA_USAGE = YES_ERROR;
				CLANG_WARN_DOCUMENTATION_COMMENTS = YES;
				CLANG_WARN_EMPTY_BODY = YES;
				CLANG_WARN_ENUM_CONVERSION = YES;
				CLANG_WARN_INFINITE_RECURSION = YES;
				CLANG_WARN_INT_CONVERSION = YES;
				CLANG_WARN_NON_LITERAL_NULL_CONVERSION = YES;
				CLANG_WARN_OBJC_IMPLICIT_RETAIN_SELF = YES;
				CLANG_WARN_OBJC_LITERAL_CONVERSION = YES;
				CLANG_WARN_OBJC_ROOT_CLASS = YES_ERROR;
				CLANG_WARN_QUOTED_INCLUDE_IN_FRAMEWORK_HEADER = YES;
				CLANG_WARN_RANGE_LOOP_ANALYSIS = YES;
				CLANG_WARN_STRICT_PROTOTYPES = YES;
				CLANG_WARN_SUSPICIOUS_MOVE = YES;
				CLANG_WARN_UNGUARDED_AVAILABILITY = YES_AGGRESSIVE;
				CLANG_WARN_UNREACHABLE_CODE = YES;
				CLANG_WARN__DUPLICATE_METHOD_MATCH = YES;
				COPY_PHASE_STRIP = NO;
				DEBUG_INFORMATION_FORMAT = "dwarf-with-dsym";
				ENABLE_NS_ASSERTIONS = NO;
				ENABLE_STRICT_OBJC_MSGSEND = YES;
				ENABLE_USER_SCRIPT_SANDBOXING = YES;
				GCC_C_LANGUAGE_STANDARD = gnu17;
				GCC_NO_COMMON_BLOCKS = YES;
				GCC_WARN_64_TO_32_BIT_CONVERSION = YES;
				GCC_WARN_ABOUT_RETURN_TYPE = YES_ERROR;
				GCC_WARN_UNDECLARED_SELECTOR = YES;
				GCC_WARN_UNINITIALIZED_AUTOS = YES_AGGRESSIVE;
				GCC_WARN_UNUSED_FUNCTION = YES;
				GCC_WARN_UNUSED_VARIABLE = YES;
				IPHONEOS_DEPLOYMENT_TARGET = 17.4;
				LOCALIZATION_PREFERS_STRING_CATALOGS = YES;
				MTL_ENABLE_DEBUG_INFO = NO;
				MTL_FAST_MATH = YES;
				SDKROOT = iphoneos;
				SWIFT_COMPILATION_MODE = wholemodule;
				VALIDATE_PRODUCT = YES;
			};
			name = Release;
		};
		AA5B23C52BBE9E99007F708F /* Debug */ = {
			isa = XCBuildConfiguration;
			buildSettings = {
				ASSETCATALOG_COMPILER_APPICON_NAME = AppIcon;
				ASSETCATALOG_COMPILER_GLOBAL_ACCENT_COLOR_NAME = AccentColor;
				CODE_SIGN_STYLE = Automatic;
				CURRENT_PROJECT_VERSION = 1;
				DEVELOPMENT_ASSET_PATHS = "\"HayattaKal/Preview Content\"";
				DEVELOPMENT_TEAM = 46PR5V47LD;
				ENABLE_PREVIEWS = YES;
				GENERATE_INFOPLIST_FILE = YES;
				INFOPLIST_KEY_CFBundleDisplayName = "Hayatta Kal";
				INFOPLIST_KEY_LSApplicationCategoryType = "public.app-category.lifestyle";
				INFOPLIST_KEY_UIApplicationSceneManifest_Generation = YES;
				INFOPLIST_KEY_UIApplicationSupportsIndirectInputEvents = YES;
				INFOPLIST_KEY_UILaunchScreen_Generation = YES;
				INFOPLIST_KEY_UILaunchStoryboardName = "Launch Screen.storyboard";
				INFOPLIST_KEY_UISupportedInterfaceOrientations_iPad = "UIInterfaceOrientationPortrait UIInterfaceOrientationPortraitUpsideDown UIInterfaceOrientationLandscapeLeft UIInterfaceOrientationLandscapeRight";
				INFOPLIST_KEY_UISupportedInterfaceOrientations_iPhone = "UIInterfaceOrientationPortrait UIInterfaceOrientationLandscapeLeft UIInterfaceOrientationLandscapeRight";
				LD_RUNPATH_SEARCH_PATHS = (
					"$(inherited)",
					"@executable_path/Frameworks",
				);
				MARKETING_VERSION = 1.0;
				PRODUCT_BUNDLE_IDENTIFIER = com.yunusberdibekk.HayattaKal;
				PRODUCT_NAME = "$(TARGET_NAME)";
				SWIFT_EMIT_LOC_STRINGS = YES;
				SWIFT_VERSION = 5.0;
				TARGETED_DEVICE_FAMILY = "1,2";
			};
			name = Debug;
		};
		AA5B23C62BBE9E99007F708F /* Release */ = {
			isa = XCBuildConfiguration;
			buildSettings = {
				ASSETCATALOG_COMPILER_APPICON_NAME = AppIcon;
				ASSETCATALOG_COMPILER_GLOBAL_ACCENT_COLOR_NAME = AccentColor;
				CODE_SIGN_STYLE = Automatic;
				CURRENT_PROJECT_VERSION = 1;
				DEVELOPMENT_ASSET_PATHS = "\"HayattaKal/Preview Content\"";
				DEVELOPMENT_TEAM = 46PR5V47LD;
				ENABLE_PREVIEWS = YES;
				GENERATE_INFOPLIST_FILE = YES;
				INFOPLIST_KEY_CFBundleDisplayName = "Hayatta Kal";
				INFOPLIST_KEY_LSApplicationCategoryType = "public.app-category.lifestyle";
				INFOPLIST_KEY_UIApplicationSceneManifest_Generation = YES;
				INFOPLIST_KEY_UIApplicationSupportsIndirectInputEvents = YES;
				INFOPLIST_KEY_UILaunchScreen_Generation = YES;
				INFOPLIST_KEY_UILaunchStoryboardName = "Launch Screen.storyboard";
				INFOPLIST_KEY_UISupportedInterfaceOrientations_iPad = "UIInterfaceOrientationPortrait UIInterfaceOrientationPortraitUpsideDown UIInterfaceOrientationLandscapeLeft UIInterfaceOrientationLandscapeRight";
				INFOPLIST_KEY_UISupportedInterfaceOrientations_iPhone = "UIInterfaceOrientationPortrait UIInterfaceOrientationLandscapeLeft UIInterfaceOrientationLandscapeRight";
				LD_RUNPATH_SEARCH_PATHS = (
					"$(inherited)",
					"@executable_path/Frameworks",
				);
				MARKETING_VERSION = 1.0;
				PRODUCT_BUNDLE_IDENTIFIER = com.yunusberdibekk.HayattaKal;
				PRODUCT_NAME = "$(TARGET_NAME)";
				SWIFT_EMIT_LOC_STRINGS = YES;
				SWIFT_VERSION = 5.0;
				TARGETED_DEVICE_FAMILY = "1,2";
			};
			name = Release;
		};
/* End XCBuildConfiguration section */

/* Begin XCConfigurationList section */
		AA5B23B12BBE9E98007F708F /* Build configuration list for PBXProject "HayattaKal" */ = {
			isa = XCConfigurationList;
			buildConfigurations = (
				AA5B23C22BBE9E99007F708F /* Debug */,
				AA5B23C32BBE9E99007F708F /* Release */,
			);
			defaultConfigurationIsVisible = 0;
			defaultConfigurationName = Release;
		};
		AA5B23C42BBE9E99007F708F /* Build configuration list for PBXNativeTarget "HayattaKal" */ = {
			isa = XCConfigurationList;
			buildConfigurations = (
				AA5B23C52BBE9E99007F708F /* Debug */,
				AA5B23C62BBE9E99007F708F /* Release */,
			);
			defaultConfigurationIsVisible = 0;
			defaultConfigurationName = Release;
		};
/* End XCConfigurationList section */
	};
	rootObject = AA5B23AE2BBE9E98007F708F /* Project object */;
}
